{
  "name": "payment-vault-api-vulnerable",
  "version": "1.0.0",
  "lockfileVersion": 3,
  "requires": true,
  "packages": {
    "": {
      "name": "payment-vault-api-vulnerable",
      "version": "1.0.0",
      "dependencies": {
        "axios": "0.21.1",
        "express": "4.16.0",
        "jsonwebtoken": "8.5.1",
        "lodash": "4.17.20"
      }
    },
    "node_modules/axios": {
      "version": "0.21.1",
      "resolved": "https://registry.npmjs.org/axios/-/axios-0.21.1.tgz",
      "integrity": "sha512-dKjGQxFlMW5cUEhTDNT9xey56NgiLb5QT+TkZasS4UixOWVD0Om537R6mU1YrybsVC52bZFGwC2ae5NUbAE9FQ=="
    },
    "node_modules/express": {
      "version": "4.16.0",
      "resolved": "https://registry.npmjs.org/express/-/express-4.16.0.tgz",
      "integrity": "sha512-Aoo1P9D8K15ZopvepT61T05jWd+G92bHh8o1L71jH2r6aY9nU0lQ2+hU9tP2a6NqFjC1uKz7fA/hQ9yZ2X5+Q=="
    },
    "node_modules/jsonwebtoken": {
      "version": "8.5.1",
      "resolved": "https://registry.npmjs.org/jsonwebtoken/-/jsonwebtoken-8.5.1.tgz",
      "integrity": "sha512-XjwVfRS6jTMsqYs0EsuJ4LGxXV14zQybNd4L2r0UvxVnS/2/dhGWNvc449S5erbCW4qvKy1VNfwUzetnPytSyQ=="
    },
    "node_modules/lodash": {
      "version": "4.17.20",
      "resolved": "https://registry.npmjs.org/lodash/-/lodash-4.17.20.tgz",
      "integrity": "sha512-PlhdFcillOINfeV7Ni6GEIT1ZMJpmUmvBRvwvvhxPuGoatFxuz6antieVJTTbSEBR6TozfW92KhDUgkwJ8tAzA=="
    }
  }
}
