{
  "name": "payment-vault-api",
  "version": "1.0.0",
  "lockfileVersion": 3,
  "requires": true,
  "packages": {
    "": {
      "name": "payment-vault-api",
      "version": "1.0.0",
      "dependencies": {
        "cors": "^2.8.5",
        "dotenv": "^16.4.5",
        "express": "^4.21.0",
        "helmet": "^7.1.0"
      },
      "engines": {
        "node": ">=20.0.0"
      }
    },
    "node_modules/cors": {
      "version": "2.8.5",
      "resolved": "https://registry.npmjs.org/cors/-/cors-2.8.5.tgz",
      "integrity": "sha512-KIHeLhxDXQVdqEDLwk8Bi5x05fZcw837ZySAQKs4Ek/guGVNhTMvYXEvItNiPXDb4Ftx4ZzGY40pOverb8jPNw=="
    },
    "node_modules/dotenv": {
      "version": "16.4.5",
      "resolved": "https://registry.npmjs.org/dotenv/-/dotenv-16.4.5.tgz",
      "integrity": "sha512-ZmdL2zs+e75weiWuUT7R6BLb7Su2OwERKUbJwV48RO29KQRRwvuuPVI80SgZSUbcU6XxGO9UQ9DLSmRPNyVrKA=="
    },
    "node_modules/express": {
      "version": "4.21.0",
      "resolved": "https://registry.npmjs.org/express/-/express-4.21.0.tgz",
      "integrity": "sha512-VddAMCZZdMrFmXR+RNUw8wjUVCQ5Z405WmTSj261715W38UfZ221K086pC13h13149830501"
    },
    "node_modules/helmet": {
      "version": "7.1.0",
      "resolved": "https://registry.npmjs.org/helmet/-/helmet-7.1.0.tgz",
      "integrity": "sha512-gRT8VSpStT8UenL0aWCo7rDUu87O00K9m5mG29sRzE19gS1b49iFp7U5k5d5e5b"
    }
  }
}
